
Microsoft Visual Studio Solution File, Format Version 12.00
# Visual Studio Version 17
VisualStudioVersion = 17.13.35806.99 d17.13
MinimumVisualStudioVersion = 10.0.40219.1
Project("{FAE04EC0-301F-11D3-BF4B-00C04F79EFBC}") = "MojeAuto", "MojeAuto.csproj", "{440F2B4C-F1E8-4C01-A543-E47CEC686CC3}"
EndProject
Global
	GlobalSection(SolutionConfigurationPlatforms) = preSolution
		Debug|Any CPU = Debug|Any CPU
		Release|Any CPU = Release|Any CPU
	EndGlobalSection
	GlobalSection(ProjectConfigurationPlatforms) = postSolution
		{440F2B4C-F1E8-4C01-A543-E47CEC686CC3}.Debug|Any CPU.ActiveCfg = Debug|Any CPU
		{440F2B4C-F1E8-4C01-A543-E47CEC686CC3}.Debug|Any CPU.Build.0 = Debug|Any CPU
		{440F2B4C-F1E8-4C01-A543-E47CEC686CC3}.Release|Any CPU.ActiveCfg = Release|Any CPU
		{440F2B4C-F1E8-4C01-A543-E47CEC686CC3}.Release|Any CPU.Build.0 = Release|Any CPU
	EndGlobalSection
	GlobalSection(SolutionProperties) = preSolution
		HideSolutionNode = FALSE
	EndGlobalSection
	GlobalSection(ExtensibilityGlobals) = postSolution
		SolutionGuid = {7C5E1099-730D-46E6-8F9D-AD2B863CF349}
	EndGlobalSection
EndGlobal
